
Microsoft Visual Studio Solution File, Format Version 12.00
# Visual Studio Version 17
VisualStudioVersion = 17.1.32210.238
MinimumVisualStudioVersion = 10.0.40219.1
Project("{2150E333-8FDC-42A3-9474-1A3956D46DE8}") = "Solution Items", "Solution Items", "{2BD07DBE-9829-42FC-8C84-1FDA03424505}"
	ProjectSection(SolutionItems) = preProject
		.editorconfig = .editorconfig
	EndProjectSection
EndProject
Project("{9A19103F-16F7-4668-BE54-9A1E7A4F7556}") = "TrackerConfiguration", "TrackerConfiguration\TrackerConfiguration.csproj", "{FAC6761F-D72F-4B97-80C7-126E59254984}"
EndProject
Project("{9A19103F-16F7-4668-BE54-9A1E7A4F7556}") = "TrackerTest", "TrackerTest\TrackerTest.csproj", "{5A3775C8-06CB-4359-A1A5-E9E6A892FB9D}"
EndProject
Project("{9A19103F-16F7-4668-BE54-9A1E7A4F7556}") = "TrackerModels", "TrackerModel\TrackerModels.csproj", "{11087023-0869-4033-A6D9-655F835F39EF}"
EndProject
Project("{9A19103F-16F7-4668-BE54-9A1E7A4F7556}") = "DialogServices", "DialogServices\DialogServices.csproj", "{2F93F49F-D0AB-4BC3-B725-32F9E6D456F9}"
EndProject
Project("{9A19103F-16F7-4668-BE54-9A1E7A4F7556}") = "TrackerViews", "TrackerViews\TrackerViews.csproj", "{4504F326-7C95-45E5-AA4E-8F8BE04ADFFD}"
EndProject
Project("{9A19103F-16F7-4668-BE54-9A1E7A4F7556}") = "TrackingRequests", "TrackingRequests\TrackingRequests.csproj", "{1D9F8D0A-2913-41ED-9B66-C859136EF31B}"
EndProject
Project("{9A19103F-16F7-4668-BE54-9A1E7A4F7556}") = "TrackerViewModels", "TrackerViewModels\TrackerViewModels.csproj", "{52C7B739-A49D-4613-9E1A-9B91BACBB47F}"
EndProject
Project("{C7167F0D-BC9F-4E6E-AFE1-012C56B48DB5}") = "PackageTrackerInstaller", "PackageTrackerInstaller\PackageTrackerInstaller.wapproj", "{BBC87ADA-EBF2-45E9-9C9A-9D878D21F4A7}"
EndProject
Global
	GlobalSection(SolutionConfigurationPlatforms) = preSolution
		Debug|Any CPU = Debug|Any CPU
		Debug|ARM = Debug|ARM
		Debug|ARM64 = Debug|ARM64
		Debug|x64 = Debug|x64
		Debug|x86 = Debug|x86
		Release|Any CPU = Release|Any CPU
		Release|ARM = Release|ARM
		Release|ARM64 = Release|ARM64
		Release|x64 = Release|x64
		Release|x86 = Release|x86
	EndGlobalSection
	GlobalSection(ProjectConfigurationPlatforms) = postSolution
		{FAC6761F-D72F-4B97-80C7-126E59254984}.Debug|Any CPU.ActiveCfg = Debug|Any CPU
		{FAC6761F-D72F-4B97-80C7-126E59254984}.Debug|Any CPU.Build.0 = Debug|Any CPU
		{FAC6761F-D72F-4B97-80C7-126E59254984}.Debug|ARM.ActiveCfg = Debug|Any CPU
		{FAC6761F-D72F-4B97-80C7-126E59254984}.Debug|ARM.Build.0 = Debug|Any CPU
		{FAC6761F-D72F-4B97-80C7-126E59254984}.Debug|ARM64.ActiveCfg = Debug|Any CPU
		{FAC6761F-D72F-4B97-80C7-126E59254984}.Debug|ARM64.Build.0 = Debug|Any CPU
		{FAC6761F-D72F-4B97-80C7-126E59254984}.Debug|x64.ActiveCfg = Debug|Any CPU
		{FAC6761F-D72F-4B97-80C7-126E59254984}.Debug|x64.Build.0 = Debug|Any CPU
		{FAC6761F-D72F-4B97-80C7-126E59254984}.Debug|x86.ActiveCfg = Debug|Any CPU
		{FAC6761F-D72F-4B97-80C7-126E59254984}.Debug|x86.Build.0 = Debug|Any CPU
		{FAC6761F-D72F-4B97-80C7-126E59254984}.Release|Any CPU.ActiveCfg = Release|Any CPU
		{FAC6761F-D72F-4B97-80C7-126E59254984}.Release|Any CPU.Build.0 = Release|Any CPU
		{FAC6761F-D72F-4B97-80C7-126E59254984}.Release|ARM.ActiveCfg = Release|Any CPU
		{FAC6761F-D72F-4B97-80C7-126E59254984}.Release|ARM.Build.0 = Release|Any CPU
		{FAC6761F-D72F-4B97-80C7-126E59254984}.Release|ARM64.ActiveCfg = Release|Any CPU
		{FAC6761F-D72F-4B97-80C7-126E59254984}.Release|ARM64.Build.0 = Release|Any CPU
		{FAC6761F-D72F-4B97-80C7-126E59254984}.Release|x64.ActiveCfg = Release|Any CPU
		{FAC6761F-D72F-4B97-80C7-126E59254984}.Release|x64.Build.0 = Release|Any CPU
		{FAC6761F-D72F-4B97-80C7-126E59254984}.Release|x86.ActiveCfg = Release|Any CPU
		{FAC6761F-D72F-4B97-80C7-126E59254984}.Release|x86.Build.0 = Release|Any CPU
		{5A3775C8-06CB-4359-A1A5-E9E6A892FB9D}.Debug|Any CPU.ActiveCfg = Debug|Any CPU
		{5A3775C8-06CB-4359-A1A5-E9E6A892FB9D}.Debug|Any CPU.Build.0 = Debug|Any CPU
		{5A3775C8-06CB-4359-A1A5-E9E6A892FB9D}.Debug|ARM.ActiveCfg = Debug|Any CPU
		{5A3775C8-06CB-4359-A1A5-E9E6A892FB9D}.Debug|ARM.Build.0 = Debug|Any CPU
		{5A3775C8-06CB-4359-A1A5-E9E6A892FB9D}.Debug|ARM64.ActiveCfg = Debug|Any CPU
		{5A3775C8-06CB-4359-A1A5-E9E6A892FB9D}.Debug|ARM64.Build.0 = Debug|Any CPU
		{5A3775C8-06CB-4359-A1A5-E9E6A892FB9D}.Debug|x64.ActiveCfg = Debug|Any CPU
		{5A3775C8-06CB-4359-A1A5-E9E6A892FB9D}.Debug|x64.Build.0 = Debug|Any CPU
		{5A3775C8-06CB-4359-A1A5-E9E6A892FB9D}.Debug|x86.ActiveCfg = Debug|Any CPU
		{5A3775C8-06CB-4359-A1A5-E9E6A892FB9D}.Debug|x86.Build.0 = Debug|Any CPU
		{5A3775C8-06CB-4359-A1A5-E9E6A892FB9D}.Release|Any CPU.ActiveCfg = Release|Any CPU
		{5A3775C8-06CB-4359-A1A5-E9E6A892FB9D}.Release|Any CPU.Build.0 = Release|Any CPU
		{5A3775C8-06CB-4359-A1A5-E9E6A892FB9D}.Release|ARM.ActiveCfg = Release|Any CPU
		{5A3775C8-06CB-4359-A1A5-E9E6A892FB9D}.Release|ARM.Build.0 = Release|Any CPU
		{5A3775C8-06CB-4359-A1A5-E9E6A892FB9D}.Release|ARM64.ActiveCfg = Release|Any CPU
		{5A3775C8-06CB-4359-A1A5-E9E6A892FB9D}.Release|ARM64.Build.0 = Release|Any CPU
		{5A3775C8-06CB-4359-A1A5-E9E6A892FB9D}.Release|x64.ActiveCfg = Release|Any CPU
		{5A3775C8-06CB-4359-A1A5-E9E6A892FB9D}.Release|x64.Build.0 = Release|Any CPU
		{5A3775C8-06CB-4359-A1A5-E9E6A892FB9D}.Release|x86.ActiveCfg = Release|Any CPU
		{5A3775C8-06CB-4359-A1A5-E9E6A892FB9D}.Release|x86.Build.0 = Release|Any CPU
		{11087023-0869-4033-A6D9-655F835F39EF}.Debug|Any CPU.ActiveCfg = Debug|Any CPU
		{11087023-0869-4033-A6D9-655F835F39EF}.Debug|Any CPU.Build.0 = Debug|Any CPU
		{11087023-0869-4033-A6D9-655F835F39EF}.Debug|ARM.ActiveCfg = Debug|Any CPU
		{11087023-0869-4033-A6D9-655F835F39EF}.Debug|ARM.Build.0 = Debug|Any CPU
		{11087023-0869-4033-A6D9-655F835F39EF}.Debug|ARM64.ActiveCfg = Debug|Any CPU
		{11087023-0869-4033-A6D9-655F835F39EF}.Debug|ARM64.Build.0 = Debug|Any CPU
		{11087023-0869-4033-A6D9-655F835F39EF}.Debug|x64.ActiveCfg = Debug|Any CPU
		{11087023-0869-4033-A6D9-655F835F39EF}.Debug|x64.Build.0 = Debug|Any CPU
		{11087023-0869-4033-A6D9-655F835F39EF}.Debug|x86.ActiveCfg = Debug|Any CPU
		{11087023-0869-4033-A6D9-655F835F39EF}.Debug|x86.Build.0 = Debug|Any CPU
		{11087023-0869-4033-A6D9-655F835F39EF}.Release|Any CPU.ActiveCfg = Release|Any CPU
		{11087023-0869-4033-A6D9-655F835F39EF}.Release|Any CPU.Build.0 = Release|Any CPU
		{11087023-0869-4033-A6D9-655F835F39EF}.Release|ARM.ActiveCfg = Release|Any CPU
		{11087023-0869-4033-A6D9-655F835F39EF}.Release|ARM.Build.0 = Release|Any CPU
		{11087023-0869-4033-A6D9-655F835F39EF}.Release|ARM64.ActiveCfg = Release|Any CPU
		{11087023-0869-4033-A6D9-655F835F39EF}.Release|ARM64.Build.0 = Release|Any CPU
		{11087023-0869-4033-A6D9-655F835F39EF}.Release|x64.ActiveCfg = Release|Any CPU
		{11087023-0869-4033-A6D9-655F835F39EF}.Release|x64.Build.0 = Release|Any CPU
		{11087023-0869-4033-A6D9-655F835F39EF}.Release|x86.ActiveCfg = Release|Any CPU
		{11087023-0869-4033-A6D9-655F835F39EF}.Release|x86.Build.0 = Release|Any CPU
		{2F93F49F-D0AB-4BC3-B725-32F9E6D456F9}.Debug|Any CPU.ActiveCfg = Debug|Any CPU
		{2F93F49F-D0AB-4BC3-B725-32F9E6D456F9}.Debug|Any CPU.Build.0 = Debug|Any CPU
		{2F93F49F-D0AB-4BC3-B725-32F9E6D456F9}.Debug|ARM.ActiveCfg = Debug|Any CPU
		{2F93F49F-D0AB-4BC3-B725-32F9E6D456F9}.Debug|ARM.Build.0 = Debug|Any CPU
		{2F93F49F-D0AB-4BC3-B725-32F9E6D456F9}.Debug|ARM64.ActiveCfg = Debug|Any CPU
		{2F93F49F-D0AB-4BC3-B725-32F9E6D456F9}.Debug|ARM64.Build.0 = Debug|Any CPU
		{2F93F49F-D0AB-4BC3-B725-32F9E6D456F9}.Debug|x64.ActiveCfg = Debug|Any CPU
		{2F93F49F-D0AB-4BC3-B725-32F9E6D456F9}.Debug|x64.Build.0 = Debug|Any CPU
		{2F93F49F-D0AB-4BC3-B725-32F9E6D456F9}.Debug|x86.ActiveCfg = Debug|Any CPU
		{2F93F49F-D0AB-4BC3-B725-32F9E6D456F9}.Debug|x86.Build.0 = Debug|Any CPU
		{2F93F49F-D0AB-4BC3-B725-32F9E6D456F9}.Release|Any CPU.ActiveCfg = Release|Any CPU
		{2F93F49F-D0AB-4BC3-B725-32F9E6D456F9}.Release|Any CPU.Build.0 = Release|Any CPU
		{2F93F49F-D0AB-4BC3-B725-32F9E6D456F9}.Release|ARM.ActiveCfg = Release|Any CPU
		{2F93F49F-D0AB-4BC3-B725-32F9E6D456F9}.Release|ARM.Build.0 = Release|Any CPU
		{2F93F49F-D0AB-4BC3-B725-32F9E6D456F9}.Release|ARM64.ActiveCfg = Release|Any CPU
		{2F93F49F-D0AB-4BC3-B725-32F9E6D456F9}.Release|ARM64.Build.0 = Release|Any CPU
		{2F93F49F-D0AB-4BC3-B725-32F9E6D456F9}.Release|x64.ActiveCfg = Release|Any CPU
		{2F93F49F-D0AB-4BC3-B725-32F9E6D456F9}.Release|x64.Build.0 = Release|Any CPU
		{2F93F49F-D0AB-4BC3-B725-32F9E6D456F9}.Release|x86.ActiveCfg = Release|Any CPU
		{2F93F49F-D0AB-4BC3-B725-32F9E6D456F9}.Release|x86.Build.0 = Release|Any CPU
		{4504F326-7C95-45E5-AA4E-8F8BE04ADFFD}.Debug|Any CPU.ActiveCfg = Debug|Any CPU
		{4504F326-7C95-45E5-AA4E-8F8BE04ADFFD}.Debug|Any CPU.Build.0 = Debug|Any CPU
		{4504F326-7C95-45E5-AA4E-8F8BE04ADFFD}.Debug|ARM.ActiveCfg = Debug|Any CPU
		{4504F326-7C95-45E5-AA4E-8F8BE04ADFFD}.Debug|ARM.Build.0 = Debug|Any CPU
		{4504F326-7C95-45E5-AA4E-8F8BE04ADFFD}.Debug|ARM64.ActiveCfg = Debug|Any CPU
		{4504F326-7C95-45E5-AA4E-8F8BE04ADFFD}.Debug|ARM64.Build.0 = Debug|Any CPU
		{4504F326-7C95-45E5-AA4E-8F8BE04ADFFD}.Debug|x64.ActiveCfg = Debug|Any CPU
		{4504F326-7C95-45E5-AA4E-8F8BE04ADFFD}.Debug|x64.Build.0 = Debug|Any CPU
		{4504F326-7C95-45E5-AA4E-8F8BE04ADFFD}.Debug|x86.ActiveCfg = Debug|Any CPU
		{4504F326-7C95-45E5-AA4E-8F8BE04ADFFD}.Debug|x86.Build.0 = Debug|Any CPU
		{4504F326-7C95-45E5-AA4E-8F8BE04ADFFD}.Release|Any CPU.ActiveCfg = Release|Any CPU
		{4504F326-7C95-45E5-AA4E-8F8BE04ADFFD}.Release|Any CPU.Build.0 = Release|Any CPU
		{4504F326-7C95-45E5-AA4E-8F8BE04ADFFD}.Release|ARM.ActiveCfg = Release|Any CPU
		{4504F326-7C95-45E5-AA4E-8F8BE04ADFFD}.Release|ARM.Build.0 = Release|Any CPU
		{4504F326-7C95-45E5-AA4E-8F8BE04ADFFD}.Release|ARM64.ActiveCfg = Release|Any CPU
		{4504F326-7C95-45E5-AA4E-8F8BE04ADFFD}.Release|ARM64.Build.0 = Release|Any CPU
		{4504F326-7C95-45E5-AA4E-8F8BE04ADFFD}.Release|x64.ActiveCfg = Release|Any CPU
		{4504F326-7C95-45E5-AA4E-8F8BE04ADFFD}.Release|x64.Build.0 = Release|Any CPU
		{4504F326-7C95-45E5-AA4E-8F8BE04ADFFD}.Release|x86.ActiveCfg = Release|Any CPU
		{4504F326-7C95-45E5-AA4E-8F8BE04ADFFD}.Release|x86.Build.0 = Release|Any CPU
		{1D9F8D0A-2913-41ED-9B66-C859136EF31B}.Debug|Any CPU.ActiveCfg = Debug|Any CPU
		{1D9F8D0A-2913-41ED-9B66-C859136EF31B}.Debug|Any CPU.Build.0 = Debug|Any CPU
		{1D9F8D0A-2913-41ED-9B66-C859136EF31B}.Debug|ARM.ActiveCfg = Debug|Any CPU
		{1D9F8D0A-2913-41ED-9B66-C859136EF31B}.Debug|ARM.Build.0 = Debug|Any CPU
		{1D9F8D0A-2913-41ED-9B66-C859136EF31B}.Debug|ARM64.ActiveCfg = Debug|Any CPU
		{1D9F8D0A-2913-41ED-9B66-C859136EF31B}.Debug|ARM64.Build.0 = Debug|Any CPU
		{1D9F8D0A-2913-41ED-9B66-C859136EF31B}.Debug|x64.ActiveCfg = Debug|Any CPU
		{1D9F8D0A-2913-41ED-9B66-C859136EF31B}.Debug|x64.Build.0 = Debug|Any CPU
		{1D9F8D0A-2913-41ED-9B66-C859136EF31B}.Debug|x86.ActiveCfg = Debug|Any CPU
		{1D9F8D0A-2913-41ED-9B66-C859136EF31B}.Debug|x86.Build.0 = Debug|Any CPU
		{1D9F8D0A-2913-41ED-9B66-C859136EF31B}.Release|Any CPU.ActiveCfg = Release|Any CPU
		{1D9F8D0A-2913-41ED-9B66-C859136EF31B}.Release|Any CPU.Build.0 = Release|Any CPU
		{1D9F8D0A-2913-41ED-9B66-C859136EF31B}.Release|ARM.ActiveCfg = Release|Any CPU
		{1D9F8D0A-2913-41ED-9B66-C859136EF31B}.Release|ARM.Build.0 = Release|Any CPU
		{1D9F8D0A-2913-41ED-9B66-C859136EF31B}.Release|ARM64.ActiveCfg = Release|Any CPU
		{1D9F8D0A-2913-41ED-9B66-C859136EF31B}.Release|ARM64.Build.0 = Release|Any CPU
		{1D9F8D0A-2913-41ED-9B66-C859136EF31B}.Release|x64.ActiveCfg = Release|Any CPU
		{1D9F8D0A-2913-41ED-9B66-C859136EF31B}.Release|x64.Build.0 = Release|Any CPU
		{1D9F8D0A-2913-41ED-9B66-C859136EF31B}.Release|x86.ActiveCfg = Release|Any CPU
		{1D9F8D0A-2913-41ED-9B66-C859136EF31B}.Release|x86.Build.0 = Release|Any CPU
		{52C7B739-A49D-4613-9E1A-9B91BACBB47F}.Debug|Any CPU.ActiveCfg = Debug|Any CPU
		{52C7B739-A49D-4613-9E1A-9B91BACBB47F}.Debug|Any CPU.Build.0 = Debug|Any CPU
		{52C7B739-A49D-4613-9E1A-9B91BACBB47F}.Debug|ARM.ActiveCfg = Debug|Any CPU
		{52C7B739-A49D-4613-9E1A-9B91BACBB47F}.Debug|ARM.Build.0 = Debug|Any CPU
		{52C7B739-A49D-4613-9E1A-9B91BACBB47F}.Debug|ARM64.ActiveCfg = Debug|Any CPU
		{52C7B739-A49D-4613-9E1A-9B91BACBB47F}.Debug|ARM64.Build.0 = Debug|Any CPU
		{52C7B739-A49D-4613-9E1A-9B91BACBB47F}.Debug|x64.ActiveCfg = Debug|Any CPU
		{52C7B739-A49D-4613-9E1A-9B91BACBB47F}.Debug|x64.Build.0 = Debug|Any CPU
		{52C7B739-A49D-4613-9E1A-9B91BACBB47F}.Debug|x86.ActiveCfg = Debug|Any CPU
		{52C7B739-A49D-4613-9E1A-9B91BACBB47F}.Debug|x86.Build.0 = Debug|Any CPU
		{52C7B739-A49D-4613-9E1A-9B91BACBB47F}.Release|Any CPU.ActiveCfg = Release|Any CPU
		{52C7B739-A49D-4613-9E1A-9B91BACBB47F}.Release|Any CPU.Build.0 = Release|Any CPU
		{52C7B739-A49D-4613-9E1A-9B91BACBB47F}.Release|ARM.ActiveCfg = Release|Any CPU
		{52C7B739-A49D-4613-9E1A-9B91BACBB47F}.Release|ARM.Build.0 = Release|Any CPU
		{52C7B739-A49D-4613-9E1A-9B91BACBB47F}.Release|ARM64.ActiveCfg = Release|Any CPU
		{52C7B739-A49D-4613-9E1A-9B91BACBB47F}.Release|ARM64.Build.0 = Release|Any CPU
		{52C7B739-A49D-4613-9E1A-9B91BACBB47F}.Release|x64.ActiveCfg = Release|Any CPU
		{52C7B739-A49D-4613-9E1A-9B91BACBB47F}.Release|x64.Build.0 = Release|Any CPU
		{52C7B739-A49D-4613-9E1A-9B91BACBB47F}.Release|x86.ActiveCfg = Release|Any CPU
		{52C7B739-A49D-4613-9E1A-9B91BACBB47F}.Release|x86.Build.0 = Release|Any CPU
		{BBC87ADA-EBF2-45E9-9C9A-9D878D21F4A7}.Debug|Any CPU.ActiveCfg = Debug|Any CPU
		{BBC87ADA-EBF2-45E9-9C9A-9D878D21F4A7}.Debug|Any CPU.Build.0 = Debug|Any CPU
		{BBC87ADA-EBF2-45E9-9C9A-9D878D21F4A7}.Debug|Any CPU.Deploy.0 = Debug|Any CPU
		{BBC87ADA-EBF2-45E9-9C9A-9D878D21F4A7}.Debug|ARM.ActiveCfg = Debug|ARM
		{BBC87ADA-EBF2-45E9-9C9A-9D878D21F4A7}.Debug|ARM.Build.0 = Debug|ARM
		{BBC87ADA-EBF2-45E9-9C9A-9D878D21F4A7}.Debug|ARM.Deploy.0 = Debug|ARM
		{BBC87ADA-EBF2-45E9-9C9A-9D878D21F4A7}.Debug|ARM64.ActiveCfg = Debug|ARM64
		{BBC87ADA-EBF2-45E9-9C9A-9D878D21F4A7}.Debug|ARM64.Build.0 = Debug|ARM64
		{BBC87ADA-EBF2-45E9-9C9A-9D878D21F4A7}.Debug|ARM64.Deploy.0 = Debug|ARM64
		{BBC87ADA-EBF2-45E9-9C9A-9D878D21F4A7}.Debug|x64.ActiveCfg = Debug|x64
		{BBC87ADA-EBF2-45E9-9C9A-9D878D21F4A7}.Debug|x64.Build.0 = Debug|x64
		{BBC87ADA-EBF2-45E9-9C9A-9D878D21F4A7}.Debug|x64.Deploy.0 = Debug|x64
		{BBC87ADA-EBF2-45E9-9C9A-9D878D21F4A7}.Debug|x86.ActiveCfg = Debug|x86
		{BBC87ADA-EBF2-45E9-9C9A-9D878D21F4A7}.Debug|x86.Build.0 = Debug|x86
		{BBC87ADA-EBF2-45E9-9C9A-9D878D21F4A7}.Debug|x86.Deploy.0 = Debug|x86
		{BBC87ADA-EBF2-45E9-9C9A-9D878D21F4A7}.Release|Any CPU.ActiveCfg = Release|Any CPU
		{BBC87ADA-EBF2-45E9-9C9A-9D878D21F4A7}.Release|Any CPU.Build.0 = Release|Any CPU
		{BBC87ADA-EBF2-45E9-9C9A-9D878D21F4A7}.Release|Any CPU.Deploy.0 = Release|Any CPU
		{BBC87ADA-EBF2-45E9-9C9A-9D878D21F4A7}.Release|ARM.ActiveCfg = Release|ARM
		{BBC87ADA-EBF2-45E9-9C9A-9D878D21F4A7}.Release|ARM.Build.0 = Release|ARM
		{BBC87ADA-EBF2-45E9-9C9A-9D878D21F4A7}.Release|ARM.Deploy.0 = Release|ARM
		{BBC87ADA-EBF2-45E9-9C9A-9D878D21F4A7}.Release|ARM64.ActiveCfg = Release|ARM64
		{BBC87ADA-EBF2-45E9-9C9A-9D878D21F4A7}.Release|ARM64.Build.0 = Release|ARM64
		{BBC87ADA-EBF2-45E9-9C9A-9D878D21F4A7}.Release|ARM64.Deploy.0 = Release|ARM64
		{BBC87ADA-EBF2-45E9-9C9A-9D878D21F4A7}.Release|x64.ActiveCfg = Release|x64
		{BBC87ADA-EBF2-45E9-9C9A-9D878D21F4A7}.Release|x64.Build.0 = Release|x64
		{BBC87ADA-EBF2-45E9-9C9A-9D878D21F4A7}.Release|x64.Deploy.0 = Release|x64
		{BBC87ADA-EBF2-45E9-9C9A-9D878D21F4A7}.Release|x86.ActiveCfg = Release|Any CPU
		{BBC87ADA-EBF2-45E9-9C9A-9D878D21F4A7}.Release|x86.Build.0 = Release|Any CPU
		{BBC87ADA-EBF2-45E9-9C9A-9D878D21F4A7}.Release|x86.Deploy.0 = Release|Any CPU
	EndGlobalSection
	GlobalSection(SolutionProperties) = preSolution
		HideSolutionNode = FALSE
	EndGlobalSection
	GlobalSection(NestedProjects) = preSolution
		{2F93F49F-D0AB-4BC3-B725-32F9E6D456F9} = {2BD07DBE-9829-42FC-8C84-1FDA03424505}
	EndGlobalSection
	GlobalSection(ExtensibilityGlobals) = postSolution
		SolutionGuid = {83C34BA5-0112-4AD9-8DD2-2B474FBAE873}
	EndGlobalSection
EndGlobal
